
Microsoft Visual Studio Solution File, Format Version 12.00
# Visual Studio Version 17
VisualStudioVersion = 17.4.33213.308
MinimumVisualStudioVersion = 10.0.40219.1
Project("{FAE04EC0-301F-11D3-BF4B-00C04F79EFBC}") = "Modul3_1302210086", "Modul3_1302210086\Modul3_1302210086.csproj", "{32E2F621-9D78-4198-8655-5C16F902371A}"
EndProject
Global
	GlobalSection(SolutionConfigurationPlatforms) = preSolution
		Debug|Any CPU = Debug|Any CPU
		Release|Any CPU = Release|Any CPU
	EndGlobalSection
	GlobalSection(ProjectConfigurationPlatforms) = postSolution
		{32E2F621-9D78-4198-8655-5C16F902371A}.Debug|Any CPU.ActiveCfg = Debug|Any CPU
		{32E2F621-9D78-4198-8655-5C16F902371A}.Debug|Any CPU.Build.0 = Debug|Any CPU
		{32E2F621-9D78-4198-8655-5C16F902371A}.Release|Any CPU.ActiveCfg = Release|Any CPU
		{32E2F621-9D78-4198-8655-5C16F902371A}.Release|Any CPU.Build.0 = Release|Any CPU
	EndGlobalSection
	GlobalSection(SolutionProperties) = preSolution
		HideSolutionNode = FALSE
	EndGlobalSection
	GlobalSection(ExtensibilityGlobals) = postSolution
		SolutionGuid = {7D0E5AF4-EBDA-475A-8706-02A35D3C654E}
	EndGlobalSection
EndGlobal
